// !$*UTF8*$!
{
	archiveVersion = 1;
	classes = {
	};
	objectVersion = 50;
	objects = {

/* Begin PBXBuildFile section */
		1E3155FD21914C3E003BBB80 /* Location.swift in Sources */ = {isa = PBXBuildFile; fileRef = 1E3155FC21914C3E003BBB80 /* Location.swift */; };
		1E3155FF21915699003BBB80 /* HomeMapView.swift in Sources */ = {isa = PBXBuildFile; fileRef = 1E3155FE21915699003BBB80 /* HomeMapView.swift */; };
		1E6B33E721A5F183002BDFA9 /* ChatVC.swift in Sources */ = {isa = PBXBuildFile; fileRef = 1E6B33E621A5F183002BDFA9 /* ChatVC.swift */; };
		1E936AB521A93CE300738873 /* Messages.swift in Sources */ = {isa = PBXBuildFile; fileRef = 1E936AB421A93CE300738873 /* Messages.swift */; };
		1E936AB721A93DC400738873 /* Channel.swift in Sources */ = {isa = PBXBuildFile; fileRef = 1E936AB621A93DC400738873 /* Channel.swift */; };
		1E936AB921A93DEA00738873 /* DatabaseRepresentation.swift in Sources */ = {isa = PBXBuildFile; fileRef = 1E936AB821A93DEA00738873 /* DatabaseRepresentation.swift */; };
		1E936ABB21A93E4200738873 /* MessageComposer.swift in Sources */ = {isa = PBXBuildFile; fileRef = 1E936ABA21A93E4200738873 /* MessageComposer.swift */; };
		1EDD5E7A218B861A0035B977 /* AppDelegate.swift in Sources */ = {isa = PBXBuildFile; fileRef = 1EDD5E79218B861A0035B977 /* AppDelegate.swift */; };
		1EDD5E7C218B861A0035B977 /* HomeVC.swift in Sources */ = {isa = PBXBuildFile; fileRef = 1EDD5E7B218B861A0035B977 /* HomeVC.swift */; };
		1EDD5E7F218B861A0035B977 /* Main.storyboard in Resources */ = {isa = PBXBuildFile; fileRef = 1EDD5E7D218B861A0035B977 /* Main.storyboard */; };
		1EDD5E82218B861A0035B977 /* Safe2HomeIOS.xcdatamodeld in Sources */ = {isa = PBXBuildFile; fileRef = 1EDD5E80218B861A0035B977 /* Safe2HomeIOS.xcdatamodeld */; };
		1EDD5E84218B861A0035B977 /* Assets.xcassets in Resources */ = {isa = PBXBuildFile; fileRef = 1EDD5E83218B861A0035B977 /* Assets.xcassets */; };
		1EDD5E87218B861A0035B977 /* LaunchScreen.storyboard in Resources */ = {isa = PBXBuildFile; fileRef = 1EDD5E85218B861A0035B977 /* LaunchScreen.storyboard */; };
		1EDD5E92218B861A0035B977 /* Safe2HomeIOSTests.swift in Sources */ = {isa = PBXBuildFile; fileRef = 1EDD5E91218B861A0035B977 /* Safe2HomeIOSTests.swift */; };
		1EDD5E9D218B861A0035B977 /* Safe2HomeIOSUITests.swift in Sources */ = {isa = PBXBuildFile; fileRef = 1EDD5E9C218B861A0035B977 /* Safe2HomeIOSUITests.swift */; };
		1EE185E821A634DB008D3F91 /* TextAndCall.swift in Sources */ = {isa = PBXBuildFile; fileRef = 1EE185E721A634DB008D3F91 /* TextAndCall.swift */; };
		3F31430364C607F5C25C2313 /* Pods_Safe2HomeIOSUITests.framework in Frameworks */ = {isa = PBXBuildFile; fileRef = 001A9DE7EC5527F53C1FC736 /* Pods_Safe2HomeIOSUITests.framework */; };
		572578EE2193DA9C0095E5A4 /* GoogleService-Info.plist in Resources */ = {isa = PBXBuildFile; fileRef = 572578ED2193DA9C0095E5A4 /* GoogleService-Info.plist */; };
		572578F02193DDC40095E5A4 /* GoogleService-Info.plist in Resources */ = {isa = PBXBuildFile; fileRef = 572578EF2193DDC40095E5A4 /* GoogleService-Info.plist */; };
		572578F22193DE8D0095E5A4 /* GoogleService-Info.plist in Resources */ = {isa = PBXBuildFile; fileRef = 572578F12193DE8D0095E5A4 /* GoogleService-Info.plist */; };
		572578F52193E49F0095E5A4 /* YouTubeViewController.swift in Sources */ = {isa = PBXBuildFile; fileRef = 572578F32193E37C0095E5A4 /* YouTubeViewController.swift */; };
		57576D92219D34A5002514B1 /* MatchTableViewCell.swift in Sources */ = {isa = PBXBuildFile; fileRef = 57576D91219D34A5002514B1 /* MatchTableViewCell.swift */; };
		57576D94219D41FB002514B1 /* GoogleSignInViewController.swift in Sources */ = {isa = PBXBuildFile; fileRef = 57576D93219D41FB002514B1 /* GoogleSignInViewController.swift */; };
		57576D97219F36BA002514B1 /* ChatLogController.swift in Sources */ = {isa = PBXBuildFile; fileRef = 57576D96219F36BA002514B1 /* ChatLogController.swift */; };
		57EDEC3F2197AA3A003E3961 /* WalkRequestPost.swift in Sources */ = {isa = PBXBuildFile; fileRef = 57EDEC3E2197AA3A003E3961 /* WalkRequestPost.swift */; };
		57EDEC442197ACFE003E3961 /* RequestPostAction.swift in Sources */ = {isa = PBXBuildFile; fileRef = 57EDEC432197ACFD003E3961 /* RequestPostAction.swift */; };
		57EDEC472197E8F1003E3961 /* PostsTableViewCell.swift in Sources */ = {isa = PBXBuildFile; fileRef = 57EDEC462197E8F1003E3961 /* PostsTableViewCell.swift */; };
		57EDEC492197E9FC003E3961 /* PostsTableViewController.swift in Sources */ = {isa = PBXBuildFile; fileRef = 57EDEC482197E9FC003E3961 /* PostsTableViewController.swift */; };
		57EDEC4B2197EBD8003E3961 /* RequestPostObject.swift in Sources */ = {isa = PBXBuildFile; fileRef = 57EDEC4A2197EBD8003E3961 /* RequestPostObject.swift */; };
		57EDEC4D2197F522003E3961 /* CurrentUser.swift in Sources */ = {isa = PBXBuildFile; fileRef = 57EDEC4C2197F522003E3961 /* CurrentUser.swift */; };
		57EDEC502197F593003E3961 /* Strings.swift in Sources */ = {isa = PBXBuildFile; fileRef = 57EDEC4F2197F593003E3961 /* Strings.swift */; };
		57EDEC542198B6E6003E3961 /* LogInViewController.swift in Sources */ = {isa = PBXBuildFile; fileRef = 57EDEC522198B6E6003E3961 /* LogInViewController.swift */; };
		57EDEC552198B6E6003E3961 /* SignUpViewController.swift in Sources */ = {isa = PBXBuildFile; fileRef = 57EDEC532198B6E6003E3961 /* SignUpViewController.swift */; };
		6259753021AFEED800101799 /* LaunchScreenViewController.swift in Sources */ = {isa = PBXBuildFile; fileRef = 6259752F21AFEED800101799 /* LaunchScreenViewController.swift */; };
		6259753221B0DFB800101799 /* CircularTransition.swift in Sources */ = {isa = PBXBuildFile; fileRef = 6259753121B0DFB800101799 /* CircularTransition.swift */; };
		62D7A70621AB944E0043D094 /* BaseViewController.swift in Sources */ = {isa = PBXBuildFile; fileRef = 62D7A70321AB944E0043D094 /* BaseViewController.swift */; };
		62DCE5EF21B2017F000EA9A0 /* UploadUserProfile.swift in Sources */ = {isa = PBXBuildFile; fileRef = 62DCE5EE21B2017E000EA9A0 /* UploadUserProfile.swift */; };
		62DCE5F221B201A5000EA9A0 /* MenuTableViewCell.swift in Sources */ = {isa = PBXBuildFile; fileRef = 62DCE5F021B201A5000EA9A0 /* MenuTableViewCell.swift */; };
		62DCE5F321B201A5000EA9A0 /* MenuViewController.swift in Sources */ = {isa = PBXBuildFile; fileRef = 62DCE5F121B201A5000EA9A0 /* MenuViewController.swift */; };
		8E6B0E9114088F12124B6403 /* Pods_Safe2HomeIOS.framework in Frameworks */ = {isa = PBXBuildFile; fileRef = F58566462903BAF7DCDD32B0 /* Pods_Safe2HomeIOS.framework */; };
		F11AC66C17BB719B39E8E4AA /* Pods_Safe2HomeIOSTests.framework in Frameworks */ = {isa = PBXBuildFile; fileRef = A8B23E819FC8403FC0AA11CA /* Pods_Safe2HomeIOSTests.framework */; };
/* End PBXBuildFile section */

/* Begin PBXContainerItemProxy section */
		1EDD5E8E218B861A0035B977 /* PBXContainerItemProxy */ = {
			isa = PBXContainerItemProxy;
			containerPortal = 1EDD5E6E218B861A0035B977 /* Project object */;
			proxyType = 1;
			remoteGlobalIDString = 1EDD5E75218B861A0035B977;
			remoteInfo = Safe2HomeIOS;
		};
		1EDD5E99218B861A0035B977 /* PBXContainerItemProxy */ = {
			isa = PBXContainerItemProxy;
			containerPortal = 1EDD5E6E218B861A0035B977 /* Project object */;
			proxyType = 1;
			remoteGlobalIDString = 1EDD5E75218B861A0035B977;
			remoteInfo = Safe2HomeIOS;
		};
/* End PBXContainerItemProxy section */

/* Begin PBXFileReference section */
		001A9DE7EC5527F53C1FC736 /* Pods_Safe2HomeIOSUITests.framework */ = {isa = PBXFileReference; explicitFileType = wrapper.framework; includeInIndex = 0; path = Pods_Safe2HomeIOSUITests.framework; sourceTree = BUILT_PRODUCTS_DIR; };
		1E3155FC21914C3E003BBB80 /* Location.swift */ = {isa = PBXFileReference; lastKnownFileType = sourcecode.swift; path = Location.swift; sourceTree = "<group>"; };
		1E3155FE21915699003BBB80 /* HomeMapView.swift */ = {isa = PBXFileReference; lastKnownFileType = sourcecode.swift; path = HomeMapView.swift; sourceTree = "<group>"; };
		1E6B33E621A5F183002BDFA9 /* ChatVC.swift */ = {isa = PBXFileReference; lastKnownFileType = sourcecode.swift; path = ChatVC.swift; sourceTree = "<group>"; };
		1E936AB421A93CE300738873 /* Messages.swift */ = {isa = PBXFileReference; lastKnownFileType = sourcecode.swift; path = Messages.swift; sourceTree = "<group>"; };
		1E936AB621A93DC400738873 /* Channel.swift */ = {isa = PBXFileReference; lastKnownFileType = sourcecode.swift; path = Channel.swift; sourceTree = "<group>"; };
		1E936AB821A93DEA00738873 /* DatabaseRepresentation.swift */ = {isa = PBXFileReference; lastKnownFileType = sourcecode.swift; path = DatabaseRepresentation.swift; sourceTree = "<group>"; };
		1E936ABA21A93E4200738873 /* MessageComposer.swift */ = {isa = PBXFileReference; lastKnownFileType = sourcecode.swift; path = MessageComposer.swift; sourceTree = "<group>"; };
		1EDD5E76218B861A0035B977 /* Safe2HomeIOS.app */ = {isa = PBXFileReference; explicitFileType = wrapper.application; includeInIndex = 0; path = Safe2HomeIOS.app; sourceTree = BUILT_PRODUCTS_DIR; };
		1EDD5E79218B861A0035B977 /* AppDelegate.swift */ = {isa = PBXFileReference; lastKnownFileType = sourcecode.swift; path = AppDelegate.swift; sourceTree = "<group>"; };
		1EDD5E7B218B861A0035B977 /* HomeVC.swift */ = {isa = PBXFileReference; lastKnownFileType = sourcecode.swift; path = HomeVC.swift; sourceTree = "<group>"; };
		1EDD5E7E218B861A0035B977 /* Base */ = {isa = PBXFileReference; lastKnownFileType = file.storyboard; name = Base; path = Base.lproj/Main.storyboard; sourceTree = "<group>"; };
		1EDD5E81218B861A0035B977 /* Safe2HomeIOS.xcdatamodel */ = {isa = PBXFileReference; lastKnownFileType = wrapper.xcdatamodel; path = Safe2HomeIOS.xcdatamodel; sourceTree = "<group>"; };
		1EDD5E83218B861A0035B977 /* Assets.xcassets */ = {isa = PBXFileReference; lastKnownFileType = folder.assetcatalog; path = Assets.xcassets; sourceTree = "<group>"; };
		1EDD5E86218B861A0035B977 /* Base */ = {isa = PBXFileReference; lastKnownFileType = file.storyboard; name = Base; path = Base.lproj/LaunchScreen.storyboard; sourceTree = "<group>"; };
		1EDD5E88218B861A0035B977 /* Info.plist */ = {isa = PBXFileReference; lastKnownFileType = text.plist.xml; path = Info.plist; sourceTree = "<group>"; };
		1EDD5E8D218B861A0035B977 /* Safe2HomeIOSTests.xctest */ = {isa = PBXFileReference; explicitFileType = wrapper.cfbundle; includeInIndex = 0; path = Safe2HomeIOSTests.xctest; sourceTree = BUILT_PRODUCTS_DIR; };
		1EDD5E91218B861A0035B977 /* Safe2HomeIOSTests.swift */ = {isa = PBXFileReference; lastKnownFileType = sourcecode.swift; path = Safe2HomeIOSTests.swift; sourceTree = "<group>"; };
		1EDD5E93218B861A0035B977 /* Info.plist */ = {isa = PBXFileReference; lastKnownFileType = text.plist.xml; path = Info.plist; sourceTree = "<group>"; };
		1EDD5E98218B861A0035B977 /* Safe2HomeIOSUITests.xctest */ = {isa = PBXFileReference; explicitFileType = wrapper.cfbundle; includeInIndex = 0; path = Safe2HomeIOSUITests.xctest; sourceTree = BUILT_PRODUCTS_DIR; };
		1EDD5E9C218B861A0035B977 /* Safe2HomeIOSUITests.swift */ = {isa = PBXFileReference; lastKnownFileType = sourcecode.swift; path = Safe2HomeIOSUITests.swift; sourceTree = "<group>"; };
		1EDD5E9E218B861A0035B977 /* Info.plist */ = {isa = PBXFileReference; lastKnownFileType = text.plist.xml; path = Info.plist; sourceTree = "<group>"; };
		1EE185E721A634DB008D3F91 /* TextAndCall.swift */ = {isa = PBXFileReference; lastKnownFileType = sourcecode.swift; path = TextAndCall.swift; sourceTree = "<group>"; };
		380467CB4D2741137DD5743A /* Pods-Safe2HomeIOSTests.release.xcconfig */ = {isa = PBXFileReference; includeInIndex = 1; lastKnownFileType = text.xcconfig; name = "Pods-Safe2HomeIOSTests.release.xcconfig"; path = "Pods/Target Support Files/Pods-Safe2HomeIOSTests/Pods-Safe2HomeIOSTests.release.xcconfig"; sourceTree = "<group>"; };
		572578ED2193DA9C0095E5A4 /* GoogleService-Info.plist */ = {isa = PBXFileReference; fileEncoding = 4; lastKnownFileType = text.plist.xml; path = "GoogleService-Info.plist"; sourceTree = "<group>"; };
		572578EF2193DDC40095E5A4 /* GoogleService-Info.plist */ = {isa = PBXFileReference; fileEncoding = 4; lastKnownFileType = text.plist.xml; path = "GoogleService-Info.plist"; sourceTree = "<group>"; };
		572578F12193DE8D0095E5A4 /* GoogleService-Info.plist */ = {isa = PBXFileReference; fileEncoding = 4; lastKnownFileType = text.plist.xml; path = "GoogleService-Info.plist"; sourceTree = "<group>"; };
		572578F32193E37C0095E5A4 /* YouTubeViewController.swift */ = {isa = PBXFileReference; lastKnownFileType = sourcecode.swift; path = YouTubeViewController.swift; sourceTree = "<group>"; };
		57576D91219D34A5002514B1 /* MatchTableViewCell.swift */ = {isa = PBXFileReference; lastKnownFileType = sourcecode.swift; path = MatchTableViewCell.swift; sourceTree = "<group>"; };
		57576D93219D41FB002514B1 /* GoogleSignInViewController.swift */ = {isa = PBXFileReference; lastKnownFileType = sourcecode.swift; path = GoogleSignInViewController.swift; sourceTree = "<group>"; };
		57576D96219F36BA002514B1 /* ChatLogController.swift */ = {isa = PBXFileReference; lastKnownFileType = sourcecode.swift; path = ChatLogController.swift; sourceTree = "<group>"; };
		57EDEC3E2197AA3A003E3961 /* WalkRequestPost.swift */ = {isa = PBXFileReference; lastKnownFileType = sourcecode.swift; path = WalkRequestPost.swift; sourceTree = "<group>"; };
		57EDEC432197ACFD003E3961 /* RequestPostAction.swift */ = {isa = PBXFileReference; fileEncoding = 4; lastKnownFileType = sourcecode.swift; path = RequestPostAction.swift; sourceTree = "<group>"; };
		57EDEC462197E8F1003E3961 /* PostsTableViewCell.swift */ = {isa = PBXFileReference; fileEncoding = 4; lastKnownFileType = sourcecode.swift; path = PostsTableViewCell.swift; sourceTree = "<group>"; };
		57EDEC482197E9FC003E3961 /* PostsTableViewController.swift */ = {isa = PBXFileReference; fileEncoding = 4; lastKnownFileType = sourcecode.swift; path = PostsTableViewController.swift; sourceTree = "<group>"; };
		57EDEC4A2197EBD8003E3961 /* RequestPostObject.swift */ = {isa = PBXFileReference; fileEncoding = 4; lastKnownFileType = sourcecode.swift; path = RequestPostObject.swift; sourceTree = "<group>"; };
		57EDEC4C2197F522003E3961 /* CurrentUser.swift */ = {isa = PBXFileReference; fileEncoding = 4; lastKnownFileType = sourcecode.swift; path = CurrentUser.swift; sourceTree = "<group>"; };
		57EDEC4F2197F593003E3961 /* Strings.swift */ = {isa = PBXFileReference; fileEncoding = 4; lastKnownFileType = sourcecode.swift; path = Strings.swift; sourceTree = "<group>"; };
		57EDEC522198B6E6003E3961 /* LogInViewController.swift */ = {isa = PBXFileReference; fileEncoding = 4; lastKnownFileType = sourcecode.swift; path = LogInViewController.swift; sourceTree = "<group>"; };
		57EDEC532198B6E6003E3961 /* SignUpViewController.swift */ = {isa = PBXFileReference; fileEncoding = 4; lastKnownFileType = sourcecode.swift; path = SignUpViewController.swift; sourceTree = "<group>"; };
		6259752F21AFEED800101799 /* LaunchScreenViewController.swift */ = {isa = PBXFileReference; lastKnownFileType = sourcecode.swift; path = LaunchScreenViewController.swift; sourceTree = "<group>"; };
		6259753121B0DFB800101799 /* CircularTransition.swift */ = {isa = PBXFileReference; lastKnownFileType = sourcecode.swift; path = CircularTransition.swift; sourceTree = "<group>"; };
		62D7A70321AB944E0043D094 /* BaseViewController.swift */ = {isa = PBXFileReference; lastKnownFileType = sourcecode.swift; path = BaseViewController.swift; sourceTree = "<group>"; };
		62DCE5EE21B2017E000EA9A0 /* UploadUserProfile.swift */ = {isa = PBXFileReference; fileEncoding = 4; lastKnownFileType = sourcecode.swift; path = UploadUserProfile.swift; sourceTree = "<group>"; };
		62DCE5F021B201A5000EA9A0 /* MenuTableViewCell.swift */ = {isa = PBXFileReference; fileEncoding = 4; lastKnownFileType = sourcecode.swift; name = MenuTableViewCell.swift; path = Safe2HomeIOS/MenuTableViewCell.swift; sourceTree = SOURCE_ROOT; };
		62DCE5F121B201A5000EA9A0 /* MenuViewController.swift */ = {isa = PBXFileReference; fileEncoding = 4; lastKnownFileType = sourcecode.swift; name = MenuViewController.swift; path = Safe2HomeIOS/MenuViewController.swift; sourceTree = SOURCE_ROOT; };
		7CD9F756A189AEA32BDDE8D1 /* Pods-Safe2HomeIOSUITests.release.xcconfig */ = {isa = PBXFileReference; includeInIndex = 1; lastKnownFileType = text.xcconfig; name = "Pods-Safe2HomeIOSUITests.release.xcconfig"; path = "Pods/Target Support Files/Pods-Safe2HomeIOSUITests/Pods-Safe2HomeIOSUITests.release.xcconfig"; sourceTree = "<group>"; };
		7F54332F68EE6336869D7B4E /* Pods-Safe2HomeIOS.release.xcconfig */ = {isa = PBXFileReference; includeInIndex = 1; lastKnownFileType = text.xcconfig; name = "Pods-Safe2HomeIOS.release.xcconfig"; path = "Pods/Target Support Files/Pods-Safe2HomeIOS/Pods-Safe2HomeIOS.release.xcconfig"; sourceTree = "<group>"; };
		A8B23E819FC8403FC0AA11CA /* Pods_Safe2HomeIOSTests.framework */ = {isa = PBXFileReference; explicitFileType = wrapper.framework; includeInIndex = 0; path = Pods_Safe2HomeIOSTests.framework; sourceTree = BUILT_PRODUCTS_DIR; };
		B79995DF6DE02C6AB9A05ED0 /* Pods-Safe2HomeIOS.debug.xcconfig */ = {isa = PBXFileReference; includeInIndex = 1; lastKnownFileType = text.xcconfig; name = "Pods-Safe2HomeIOS.debug.xcconfig"; path = "Pods/Target Support Files/Pods-Safe2HomeIOS/Pods-Safe2HomeIOS.debug.xcconfig"; sourceTree = "<group>"; };
		CE4D8330B9B458F700D91C58 /* Pods-Safe2HomeIOSUITests.debug.xcconfig */ = {isa = PBXFileReference; includeInIndex = 1; lastKnownFileType = text.xcconfig; name = "Pods-Safe2HomeIOSUITests.debug.xcconfig"; path = "Pods/Target Support Files/Pods-Safe2HomeIOSUITests/Pods-Safe2HomeIOSUITests.debug.xcconfig"; sourceTree = "<group>"; };
		F58566462903BAF7DCDD32B0 /* Pods_Safe2HomeIOS.framework */ = {isa = PBXFileReference; explicitFileType = wrapper.framework; includeInIndex = 0; path = Pods_Safe2HomeIOS.framework; sourceTree = BUILT_PRODUCTS_DIR; };
		FC5ED7071F89514DB6F6CBE7 /* Pods-Safe2HomeIOSTests.debug.xcconfig */ = {isa = PBXFileReference; includeInIndex = 1; lastKnownFileType = text.xcconfig; name = "Pods-Safe2HomeIOSTests.debug.xcconfig"; path = "Pods/Target Support Files/Pods-Safe2HomeIOSTests/Pods-Safe2HomeIOSTests.debug.xcconfig"; sourceTree = "<group>"; };
/* End PBXFileReference section */

/* Begin PBXFrameworksBuildPhase section */
		1EDD5E73218B861A0035B977 /* Frameworks */ = {
			isa = PBXFrameworksBuildPhase;
			buildActionMask = 2147483647;
			files = (
				8E6B0E9114088F12124B6403 /* Pods_Safe2HomeIOS.framework in Frameworks */,
			);
			runOnlyForDeploymentPostprocessing = 0;
		};
		1EDD5E8A218B861A0035B977 /* Frameworks */ = {
			isa = PBXFrameworksBuildPhase;
			buildActionMask = 2147483647;
			files = (
				F11AC66C17BB719B39E8E4AA /* Pods_Safe2HomeIOSTests.framework in Frameworks */,
			);
			runOnlyForDeploymentPostprocessing = 0;
		};
		1EDD5E95218B861A0035B977 /* Frameworks */ = {
			isa = PBXFrameworksBuildPhase;
			buildActionMask = 2147483647;
			files = (
				3F31430364C607F5C25C2313 /* Pods_Safe2HomeIOSUITests.framework in Frameworks */,
			);
			runOnlyForDeploymentPostprocessing = 0;
		};
/* End PBXFrameworksBuildPhase section */

/* Begin PBXGroup section */
		104FBE335680DB64E36A1E9D /* Pods */ = {
			isa = PBXGroup;
			children = (
				B79995DF6DE02C6AB9A05ED0 /* Pods-Safe2HomeIOS.debug.xcconfig */,
				7F54332F68EE6336869D7B4E /* Pods-Safe2HomeIOS.release.xcconfig */,
				FC5ED7071F89514DB6F6CBE7 /* Pods-Safe2HomeIOSTests.debug.xcconfig */,
				380467CB4D2741137DD5743A /* Pods-Safe2HomeIOSTests.release.xcconfig */,
				CE4D8330B9B458F700D91C58 /* Pods-Safe2HomeIOSUITests.debug.xcconfig */,
				7CD9F756A189AEA32BDDE8D1 /* Pods-Safe2HomeIOSUITests.release.xcconfig */,
			);
			name = Pods;
			sourceTree = "<group>";
		};
		1C8C41B95DFF2BC41A665402 /* Frameworks */ = {
			isa = PBXGroup;
			children = (
				F58566462903BAF7DCDD32B0 /* Pods_Safe2HomeIOS.framework */,
				A8B23E819FC8403FC0AA11CA /* Pods_Safe2HomeIOSTests.framework */,
				001A9DE7EC5527F53C1FC736 /* Pods_Safe2HomeIOSUITests.framework */,
			);
			name = Frameworks;
			sourceTree = "<group>";
		};
		1EDD5E6D218B861A0035B977 = {
			isa = PBXGroup;
			children = (
				57EDEC512198B6CE003E3961 /* Authentication */,
				57EDEC4E2197F587003E3961 /* Constant */,
				57EDEC452197E8E5003E3961 /* Posts */,
				57EDEC422197ACEE003E3961 /* Model */,
				1EDD5E78218B861A0035B977 /* Safe2HomeIOS */,
				1EDD5E90218B861A0035B977 /* Safe2HomeIOSTests */,
				1EDD5E9B218B861A0035B977 /* Safe2HomeIOSUITests */,
				1EDD5E77218B861A0035B977 /* Products */,
				104FBE335680DB64E36A1E9D /* Pods */,
				1C8C41B95DFF2BC41A665402 /* Frameworks */,
			);
			sourceTree = "<group>";
		};
		1EDD5E77218B861A0035B977 /* Products */ = {
			isa = PBXGroup;
			children = (
				1EDD5E76218B861A0035B977 /* Safe2HomeIOS.app */,
				1EDD5E8D218B861A0035B977 /* Safe2HomeIOSTests.xctest */,
				1EDD5E98218B861A0035B977 /* Safe2HomeIOSUITests.xctest */,
			);
			name = Products;
			sourceTree = "<group>";
		};
		1EDD5E78218B861A0035B977 /* Safe2HomeIOS */ = {
			isa = PBXGroup;
			children = (
				1EE185E621A634C4008D3F91 /* ViewControllers */,
				1EDD5E79218B861A0035B977 /* AppDelegate.swift */,
				57EDEC3E2197AA3A003E3961 /* WalkRequestPost.swift */,
				57576D91219D34A5002514B1 /* MatchTableViewCell.swift */,
				1EDD5E7D218B861A0035B977 /* Main.storyboard */,
				6259753121B0DFB800101799 /* CircularTransition.swift */,
				1EDD5E83218B861A0035B977 /* Assets.xcassets */,
				1EDD5E85218B861A0035B977 /* LaunchScreen.storyboard */,
				1EDD5E88218B861A0035B977 /* Info.plist */,
				572578EF2193DDC40095E5A4 /* GoogleService-Info.plist */,
				1EDD5E80218B861A0035B977 /* Safe2HomeIOS.xcdatamodeld */,
				1E3155FC21914C3E003BBB80 /* Location.swift */,
				572578F32193E37C0095E5A4 /* YouTubeViewController.swift */,
				1E936ABA21A93E4200738873 /* MessageComposer.swift */,
			);
			path = Safe2HomeIOS;
			sourceTree = "<group>";
		};
		1EDD5E90218B861A0035B977 /* Safe2HomeIOSTests */ = {
			isa = PBXGroup;
			children = (
				1EDD5E91218B861A0035B977 /* Safe2HomeIOSTests.swift */,
				1EDD5E93218B861A0035B977 /* Info.plist */,
				572578ED2193DA9C0095E5A4 /* GoogleService-Info.plist */,
			);
			path = Safe2HomeIOSTests;
			sourceTree = "<group>";
		};
		1EDD5E9B218B861A0035B977 /* Safe2HomeIOSUITests */ = {
			isa = PBXGroup;
			children = (
				1EDD5E9C218B861A0035B977 /* Safe2HomeIOSUITests.swift */,
				572578F12193DE8D0095E5A4 /* GoogleService-Info.plist */,
				1EDD5E9E218B861A0035B977 /* Info.plist */,
			);
			path = Safe2HomeIOSUITests;
			sourceTree = "<group>";
		};
		1EE185E621A634C4008D3F91 /* ViewControllers */ = {
			isa = PBXGroup;
			children = (
				62DCE5F021B201A5000EA9A0 /* MenuTableViewCell.swift */,
				62DCE5F121B201A5000EA9A0 /* MenuViewController.swift */,
				1EDD5E7B218B861A0035B977 /* HomeVC.swift */,
				1EE185E721A634DB008D3F91 /* TextAndCall.swift */,
				1E6B33E621A5F183002BDFA9 /* ChatVC.swift */,
				1E3155FE21915699003BBB80 /* HomeMapView.swift */,
				57576D93219D41FB002514B1 /* GoogleSignInViewController.swift */,
				62D7A70321AB944E0043D094 /* BaseViewController.swift */,
				6259752F21AFEED800101799 /* LaunchScreenViewController.swift */,
			);
			path = ViewControllers;
			sourceTree = "<group>";
		};
		57EDEC422197ACEE003E3961 /* Model */ = {
			isa = PBXGroup;
			children = (
				57EDEC432197ACFD003E3961 /* RequestPostAction.swift */,
				57EDEC4A2197EBD8003E3961 /* RequestPostObject.swift */,
				57EDEC4C2197F522003E3961 /* CurrentUser.swift */,
				1E936AB421A93CE300738873 /* Messages.swift */,
				1E936AB621A93DC400738873 /* Channel.swift */,
				1E936AB821A93DEA00738873 /* DatabaseRepresentation.swift */,
			);
			path = Model;
			sourceTree = "<group>";
		};
		57EDEC452197E8E5003E3961 /* Posts */ = {
			isa = PBXGroup;
			children = (
				57EDEC462197E8F1003E3961 /* PostsTableViewCell.swift */,
				57EDEC482197E9FC003E3961 /* PostsTableViewController.swift */,
				57576D96219F36BA002514B1 /* ChatLogController.swift */,
			);
			path = Posts;
			sourceTree = "<group>";
		};
		57EDEC4E2197F587003E3961 /* Constant */ = {
			isa = PBXGroup;
			children = (
				57EDEC4F2197F593003E3961 /* Strings.swift */,
			);
			path = Constant;
			sourceTree = "<group>";
		};
		57EDEC512198B6CE003E3961 /* Authentication */ = {
			isa = PBXGroup;
			children = (
				62DCE5EE21B2017E000EA9A0 /* UploadUserProfile.swift */,
				57EDEC522198B6E6003E3961 /* LogInViewController.swift */,
				57EDEC532198B6E6003E3961 /* SignUpViewController.swift */,
			);
			path = Authentication;
			sourceTree = "<group>";
		};
/* End PBXGroup section */

/* Begin PBXNativeTarget section */
		1EDD5E75218B861A0035B977 /* Safe2HomeIOS */ = {
			isa = PBXNativeTarget;
			buildConfigurationList = 1EDD5EA1218B861A0035B977 /* Build configuration list for PBXNativeTarget "Safe2HomeIOS" */;
			buildPhases = (
				87BCBFE4FF677D5B35BC1A05 /* [CP] Check Pods Manifest.lock */,
				1EDD5E72218B861A0035B977 /* Sources */,
				1EDD5E73218B861A0035B977 /* Frameworks */,
				1EDD5E74218B861A0035B977 /* Resources */,
				60BDDC5F3503272A55D07EFD /* [CP] Embed Pods Frameworks */,
				CD5B52DBA61F29C4D6AEDD62 /* [CP] Copy Pods Resources */,
			);
			buildRules = (
			);
			dependencies = (
			);
			name = Safe2HomeIOS;
			productName = Safe2HomeIOS;
			productReference = 1EDD5E76218B861A0035B977 /* Safe2HomeIOS.app */;
			productType = "com.apple.product-type.application";
		};
		1EDD5E8C218B861A0035B977 /* Safe2HomeIOSTests */ = {
			isa = PBXNativeTarget;
			buildConfigurationList = 1EDD5EA4218B861A0035B977 /* Build configuration list for PBXNativeTarget "Safe2HomeIOSTests" */;
			buildPhases = (
				3827FBE10AD8BB5ED2A59437 /* [CP] Check Pods Manifest.lock */,
				1EDD5E89218B861A0035B977 /* Sources */,
				1EDD5E8A218B861A0035B977 /* Frameworks */,
				1EDD5E8B218B861A0035B977 /* Resources */,
			);
			buildRules = (
			);
			dependencies = (
				1EDD5E8F218B861A0035B977 /* PBXTargetDependency */,
			);
			name = Safe2HomeIOSTests;
			productName = Safe2HomeIOSTests;
			productReference = 1EDD5E8D218B861A0035B977 /* Safe2HomeIOSTests.xctest */;
			productType = "com.apple.product-type.bundle.unit-test";
		};
		1EDD5E97218B861A0035B977 /* Safe2HomeIOSUITests */ = {
			isa = PBXNativeTarget;
			buildConfigurationList = 1EDD5EA7218B861A0035B977 /* Build configuration list for PBXNativeTarget "Safe2HomeIOSUITests" */;
			buildPhases = (
				989C402455E354A77299C069 /* [CP] Check Pods Manifest.lock */,
				1EDD5E94218B861A0035B977 /* Sources */,
				1EDD5E95218B861A0035B977 /* Frameworks */,
				1EDD5E96218B861A0035B977 /* Resources */,
			);
			buildRules = (
			);
			dependencies = (
				1EDD5E9A218B861A0035B977 /* PBXTargetDependency */,
			);
			name = Safe2HomeIOSUITests;
			productName = Safe2HomeIOSUITests;
			productReference = 1EDD5E98218B861A0035B977 /* Safe2HomeIOSUITests.xctest */;
			productType = "com.apple.product-type.bundle.ui-testing";
		};
/* End PBXNativeTarget section */

/* Begin PBXProject section */
		1EDD5E6E218B861A0035B977 /* Project object */ = {
			isa = PBXProject;
			attributes = {
				LastSwiftUpdateCheck = 1000;
				LastUpgradeCheck = 1000;
				ORGANIZATIONNAME = Safe2Home;
				TargetAttributes = {
					1EDD5E75218B861A0035B977 = {
						CreatedOnToolsVersion = 10.0;
					};
					1EDD5E8C218B861A0035B977 = {
						CreatedOnToolsVersion = 10.0;
						TestTargetID = 1EDD5E75218B861A0035B977;
					};
					1EDD5E97218B861A0035B977 = {
						CreatedOnToolsVersion = 10.0;
						TestTargetID = 1EDD5E75218B861A0035B977;
					};
				};
			};
			buildConfigurationList = 1EDD5E71218B861A0035B977 /* Build configuration list for PBXProject "Safe2HomeIOS" */;
			compatibilityVersion = "Xcode 9.3";
			developmentRegion = en;
			hasScannedForEncodings = 0;
			knownRegions = (
				en,
				Base,
			);
			mainGroup = 1EDD5E6D218B861A0035B977;
			productRefGroup = 1EDD5E77218B861A0035B977 /* Products */;
			projectDirPath = "";
			projectRoot = "";
			targets = (
				1EDD5E75218B861A0035B977 /* Safe2HomeIOS */,
				1EDD5E8C218B861A0035B977 /* Safe2HomeIOSTests */,
				1EDD5E97218B861A0035B977 /* Safe2HomeIOSUITests */,
			);
		};
/* End PBXProject section */

/* Begin PBXResourcesBuildPhase section */
		1EDD5E74218B861A0035B977 /* Resources */ = {
			isa = PBXResourcesBuildPhase;
			buildActionMask = 2147483647;
			files = (
				1EDD5E87218B861A0035B977 /* LaunchScreen.storyboard in Resources */,
				572578F02193DDC40095E5A4 /* GoogleService-Info.plist in Resources */,
				1EDD5E84218B861A0035B977 /* Assets.xcassets in Resources */,
				1EDD5E7F218B861A0035B977 /* Main.storyboard in Resources */,
			);
			runOnlyForDeploymentPostprocessing = 0;
		};
		1EDD5E8B218B861A0035B977 /* Resources */ = {
			isa = PBXResourcesBuildPhase;
			buildActionMask = 2147483647;
			files = (
				572578EE2193DA9C0095E5A4 /* GoogleService-Info.plist in Resources */,
			);
			runOnlyForDeploymentPostprocessing = 0;
		};
		1EDD5E96218B861A0035B977 /* Resources */ = {
			isa = PBXResourcesBuildPhase;
			buildActionMask = 2147483647;
			files = (
				572578F22193DE8D0095E5A4 /* GoogleService-Info.plist in Resources */,
			);
			runOnlyForDeploymentPostprocessing = 0;
		};
/* End PBXResourcesBuildPhase section */

/* Begin PBXShellScriptBuildPhase section */
		3827FBE10AD8BB5ED2A59437 /* [CP] Check Pods Manifest.lock */ = {
			isa = PBXShellScriptBuildPhase;
			buildActionMask = 2147483647;
			files = (
			);
			inputFileListPaths = (
			);
			inputPaths = (
				"${PODS_PODFILE_DIR_PATH}/Podfile.lock",
				"${PODS_ROOT}/Manifest.lock",
			);
			name = "[CP] Check Pods Manifest.lock";
			outputFileListPaths = (
			);
			outputPaths = (
				"$(DERIVED_FILE_DIR)/Pods-Safe2HomeIOSTests-checkManifestLockResult.txt",
			);
			runOnlyForDeploymentPostprocessing = 0;
			shellPath = /bin/sh;
			shellScript = "diff \"${PODS_PODFILE_DIR_PATH}/Podfile.lock\" \"${PODS_ROOT}/Manifest.lock\" > /dev/null\nif [ $? != 0 ] ; then\n    # print error to STDERR\n    echo \"error: The sandbox is not in sync with the Podfile.lock. Run 'pod install' or update your CocoaPods installation.\" >&2\n    exit 1\nfi\n# This output is used by Xcode 'outputs' to avoid re-running this script phase.\necho \"SUCCESS\" > \"${SCRIPT_OUTPUT_FILE_0}\"\n";
			showEnvVarsInLog = 0;
		};
		60BDDC5F3503272A55D07EFD /* [CP] Embed Pods Frameworks */ = {
			isa = PBXShellScriptBuildPhase;
			buildActionMask = 2147483647;
			files = (
			);
			inputFileListPaths = (
			);
			inputPaths = (
				"${SRCROOT}/Pods/Target Support Files/Pods-Safe2HomeIOS/Pods-Safe2HomeIOS-frameworks.sh",
				"${BUILT_PRODUCTS_DIR}/BoringSSL/openssl.framework",
				"${BUILT_PRODUCTS_DIR}/GTMOAuth2/GTMOAuth2.framework",
				"${BUILT_PRODUCTS_DIR}/GTMSessionFetcher/GTMSessionFetcher.framework",
				"${BUILT_PRODUCTS_DIR}/GoogleToolboxForMac/GoogleToolboxForMac.framework",
				"${BUILT_PRODUCTS_DIR}/GoogleUtilities/GoogleUtilities.framework",
				"${BUILT_PRODUCTS_DIR}/MBProgressHUD/MBProgressHUD.framework",
				"${BUILT_PRODUCTS_DIR}/MessageKit/MessageKit.framework",
				"${BUILT_PRODUCTS_DIR}/Protobuf/Protobuf.framework",
				"${BUILT_PRODUCTS_DIR}/SDWebImage/SDWebImage.framework",
				"${BUILT_PRODUCTS_DIR}/SwiftGifOrigin/SwiftGifOrigin.framework",
				"${BUILT_PRODUCTS_DIR}/gRPC/GRPCClient.framework",
				"${BUILT_PRODUCTS_DIR}/gRPC-C++/grpcpp.framework",
				"${BUILT_PRODUCTS_DIR}/gRPC-Core/grpc.framework",
				"${BUILT_PRODUCTS_DIR}/gRPC-ProtoRPC/ProtoRPC.framework",
				"${BUILT_PRODUCTS_DIR}/gRPC-RxLibrary/RxLibrary.framework",
				"${BUILT_PRODUCTS_DIR}/leveldb-library/leveldb.framework",
				"${BUILT_PRODUCTS_DIR}/nanopb/nanopb.framework",
			);
			name = "[CP] Embed Pods Frameworks";
			outputFileListPaths = (
			);
			outputPaths = (
				"${TARGET_BUILD_DIR}/${FRAMEWORKS_FOLDER_PATH}/openssl.framework",
				"${TARGET_BUILD_DIR}/${FRAMEWORKS_FOLDER_PATH}/GTMOAuth2.framework",
				"${TARGET_BUILD_DIR}/${FRAMEWORKS_FOLDER_PATH}/GTMSessionFetcher.framework",
				"${TARGET_BUILD_DIR}/${FRAMEWORKS_FOLDER_PATH}/GoogleToolboxForMac.framework",
				"${TARGET_BUILD_DIR}/${FRAMEWORKS_FOLDER_PATH}/GoogleUtilities.framework",
				"${TARGET_BUILD_DIR}/${FRAMEWORKS_FOLDER_PATH}/MBProgressHUD.framework",
				"${TARGET_BUILD_DIR}/${FRAMEWORKS_FOLDER_PATH}/MessageKit.framework",
				"${TARGET_BUILD_DIR}/${FRAMEWORKS_FOLDER_PATH}/Protobuf.framework",
				"${TARGET_BUILD_DIR}/${FRAMEWORKS_FOLDER_PATH}/SDWebImage.framework",
				"${TARGET_BUILD_DIR}/${FRAMEWORKS_FOLDER_PATH}/SwiftGifOrigin.framework",
				"${TARGET_BUILD_DIR}/${FRAMEWORKS_FOLDER_PATH}/GRPCClient.framework",
				"${TARGET_BUILD_DIR}/${FRAMEWORKS_FOLDER_PATH}/grpcpp.framework",
				"${TARGET_BUILD_DIR}/${FRAMEWORKS_FOLDER_PATH}/grpc.framework",
				"${TARGET_BUILD_DIR}/${FRAMEWORKS_FOLDER_PATH}/ProtoRPC.framework",
				"${TARGET_BUILD_DIR}/${FRAMEWORKS_FOLDER_PATH}/RxLibrary.framework",
				"${TARGET_BUILD_DIR}/${FRAMEWORKS_FOLDER_PATH}/leveldb.framework",
				"${TARGET_BUILD_DIR}/${FRAMEWORKS_FOLDER_PATH}/nanopb.framework",
			);
			runOnlyForDeploymentPostprocessing = 0;
			shellPath = /bin/sh;
			shellScript = "\"${SRCROOT}/Pods/Target Support Files/Pods-Safe2HomeIOS/Pods-Safe2HomeIOS-frameworks.sh\"\n";
			showEnvVarsInLog = 0;
		};
		87BCBFE4FF677D5B35BC1A05 /* [CP] Check Pods Manifest.lock */ = {
			isa = PBXShellScriptBuildPhase;
			buildActionMask = 2147483647;
			files = (
			);
			inputFileListPaths = (
			);
			inputPaths = (
				"${PODS_PODFILE_DIR_PATH}/Podfile.lock",
				"${PODS_ROOT}/Manifest.lock",
			);
			name = "[CP] Check Pods Manifest.lock";
			outputFileListPaths = (
			);
			outputPaths = (
				"$(DERIVED_FILE_DIR)/Pods-Safe2HomeIOS-checkManifestLockResult.txt",
			);
			runOnlyForDeploymentPostprocessing = 0;
			shellPath = /bin/sh;
			shellScript = "diff \"${PODS_PODFILE_DIR_PATH}/Podfile.lock\" \"${PODS_ROOT}/Manifest.lock\" > /dev/null\nif [ $? != 0 ] ; then\n    # print error to STDERR\n    echo \"error: The sandbox is not in sync with the Podfile.lock. Run 'pod install' or update your CocoaPods installation.\" >&2\n    exit 1\nfi\n# This output is used by Xcode 'outputs' to avoid re-running this script phase.\necho \"SUCCESS\" > \"${SCRIPT_OUTPUT_FILE_0}\"\n";
			showEnvVarsInLog = 0;
		};
		989C402455E354A77299C069 /* [CP] Check Pods Manifest.lock */ = {
			isa = PBXShellScriptBuildPhase;
			buildActionMask = 2147483647;
			files = (
			);
			inputFileListPaths = (
			);
			inputPaths = (
				"${PODS_PODFILE_DIR_PATH}/Podfile.lock",
				"${PODS_ROOT}/Manifest.lock",
			);
			name = "[CP] Check Pods Manifest.lock";
			outputFileListPaths = (
			);
			outputPaths = (
				"$(DERIVED_FILE_DIR)/Pods-Safe2HomeIOSUITests-checkManifestLockResult.txt",
			);
			runOnlyForDeploymentPostprocessing = 0;
			shellPath = /bin/sh;
			shellScript = "diff \"${PODS_PODFILE_DIR_PATH}/Podfile.lock\" \"${PODS_ROOT}/Manifest.lock\" > /dev/null\nif [ $? != 0 ] ; then\n    # print error to STDERR\n    echo \"error: The sandbox is not in sync with the Podfile.lock. Run 'pod install' or update your CocoaPods installation.\" >&2\n    exit 1\nfi\n# This output is used by Xcode 'outputs' to avoid re-running this script phase.\necho \"SUCCESS\" > \"${SCRIPT_OUTPUT_FILE_0}\"\n";
			showEnvVarsInLog = 0;
		};
		CD5B52DBA61F29C4D6AEDD62 /* [CP] Copy Pods Resources */ = {
			isa = PBXShellScriptBuildPhase;
			buildActionMask = 2147483647;
			files = (
			);
			inputFileListPaths = (
			);
			inputPaths = (
				"${SRCROOT}/Pods/Target Support Files/Pods-Safe2HomeIOS/Pods-Safe2HomeIOS-resources.sh",
				"${PODS_ROOT}/GoogleSignIn/Resources/GoogleSignIn.bundle",
			);
			name = "[CP] Copy Pods Resources";
			outputFileListPaths = (
			);
			outputPaths = (
				"${TARGET_BUILD_DIR}/${UNLOCALIZED_RESOURCES_FOLDER_PATH}/GoogleSignIn.bundle",
			);
			runOnlyForDeploymentPostprocessing = 0;
			shellPath = /bin/sh;
			shellScript = "\"${SRCROOT}/Pods/Target Support Files/Pods-Safe2HomeIOS/Pods-Safe2HomeIOS-resources.sh\"\n";
			showEnvVarsInLog = 0;
		};
/* End PBXShellScriptBuildPhase section */

/* Begin PBXSourcesBuildPhase section */
		1EDD5E72218B861A0035B977 /* Sources */ = {
			isa = PBXSourcesBuildPhase;
			buildActionMask = 2147483647;
			files = (
				57576D97219F36BA002514B1 /* ChatLogController.swift in Sources */,
				62DCE5F321B201A5000EA9A0 /* MenuViewController.swift in Sources */,
				1E936AB721A93DC400738873 /* Channel.swift in Sources */,
				1E936AB521A93CE300738873 /* Messages.swift in Sources */,
				62D7A70621AB944E0043D094 /* BaseViewController.swift in Sources */,
				572578F52193E49F0095E5A4 /* YouTubeViewController.swift in Sources */,
				1E6B33E721A5F183002BDFA9 /* ChatVC.swift in Sources */,
				57EDEC4B2197EBD8003E3961 /* RequestPostObject.swift in Sources */,
				1EE185E821A634DB008D3F91 /* TextAndCall.swift in Sources */,
				57EDEC442197ACFE003E3961 /* RequestPostAction.swift in Sources */,
				57576D92219D34A5002514B1 /* MatchTableViewCell.swift in Sources */,
				62DCE5F221B201A5000EA9A0 /* MenuTableViewCell.swift in Sources */,
				1EDD5E7C218B861A0035B977 /* HomeVC.swift in Sources */,
				1E3155FF21915699003BBB80 /* HomeMapView.swift in Sources */,
				6259753021AFEED800101799 /* LaunchScreenViewController.swift in Sources */,
				1E3155FD21914C3E003BBB80 /* Location.swift in Sources */,
				1EDD5E82218B861A0035B977 /* Safe2HomeIOS.xcdatamodeld in Sources */,
				57EDEC502197F593003E3961 /* Strings.swift in Sources */,
				57EDEC472197E8F1003E3961 /* PostsTableViewCell.swift in Sources */,
				1E936AB921A93DEA00738873 /* DatabaseRepresentation.swift in Sources */,
				57EDEC552198B6E6003E3961 /* SignUpViewController.swift in Sources */,
				1EDD5E7A218B861A0035B977 /* AppDelegate.swift in Sources */,
				57EDEC542198B6E6003E3961 /* LogInViewController.swift in Sources */,
				57576D94219D41FB002514B1 /* GoogleSignInViewController.swift in Sources */,
				62DCE5EF21B2017F000EA9A0 /* UploadUserProfile.swift in Sources */,
				6259753221B0DFB800101799 /* CircularTransition.swift in Sources */,
				57EDEC3F2197AA3A003E3961 /* WalkRequestPost.swift in Sources */,
				1E936ABB21A93E4200738873 /* MessageComposer.swift in Sources */,
				57EDEC4D2197F522003E3961 /* CurrentUser.swift in Sources */,
				57EDEC492197E9FC003E3961 /* PostsTableViewController.swift in Sources */,
			);
			runOnlyForDeploymentPostprocessing = 0;
		};
		1EDD5E89218B861A0035B977 /* Sources */ = {
			isa = PBXSourcesBuildPhase;
			buildActionMask = 2147483647;
			files = (
				1EDD5E92218B861A0035B977 /* Safe2HomeIOSTests.swift in Sources */,
			);
			runOnlyForDeploymentPostprocessing = 0;
		};
		1EDD5E94218B861A0035B977 /* Sources */ = {
			isa = PBXSourcesBuildPhase;
			buildActionMask = 2147483647;
			files = (
				1EDD5E9D218B861A0035B977 /* Safe2HomeIOSUITests.swift in Sources */,
			);
			runOnlyForDeploymentPostprocessing = 0;
		};
/* End PBXSourcesBuildPhase section */

/* Begin PBXTargetDependency section */
		1EDD5E8F218B861A0035B977 /* PBXTargetDependency */ = {
			isa = PBXTargetDependency;
			target = 1EDD5E75218B861A0035B977 /* Safe2HomeIOS */;
			targetProxy = 1EDD5E8E218B861A0035B977 /* PBXContainerItemProxy */;
		};
		1EDD5E9A218B861A0035B977 /* PBXTargetDependency */ = {
			isa = PBXTargetDependency;
			target = 1EDD5E75218B861A0035B977 /* Safe2HomeIOS */;
			targetProxy = 1EDD5E99218B861A0035B977 /* PBXContainerItemProxy */;
		};
/* End PBXTargetDependency section */

/* Begin PBXVariantGroup section */
		1EDD5E7D218B861A0035B977 /* Main.storyboard */ = {
			isa = PBXVariantGroup;
			children = (
				1EDD5E7E218B861A0035B977 /* Base */,
			);
			name = Main.storyboard;
			sourceTree = "<group>";
		};
		1EDD5E85218B861A0035B977 /* LaunchScreen.storyboard */ = {
			isa = PBXVariantGroup;
			children = (
				1EDD5E86218B861A0035B977 /* Base */,
			);
			name = LaunchScreen.storyboard;
			sourceTree = "<group>";
		};
/* End PBXVariantGroup section */

/* Begin XCBuildConfiguration section */
		1EDD5E9F218B861A0035B977 /* Debug */ = {
			isa = XCBuildConfiguration;
			buildSettings = {
				ALWAYS_SEARCH_USER_PATHS = NO;
				CLANG_ANALYZER_NONNULL = YES;
				CLANG_ANALYZER_NUMBER_OBJECT_CONVERSION = YES_AGGRESSIVE;
				CLANG_CXX_LANGUAGE_STANDARD = "gnu++14";
				CLANG_CXX_LIBRARY = "libc++";
				CLANG_ENABLE_MODULES = YES;
				CLANG_ENABLE_OBJC_ARC = YES;
				CLANG_ENABLE_OBJC_WEAK = YES;
				CLANG_WARN_BLOCK_CAPTURE_AUTORELEASING = YES;
				CLANG_WARN_BOOL_CONVERSION = YES;
				CLANG_WARN_COMMA = YES;
				CLANG_WARN_CONSTANT_CONVERSION = YES;
				CLANG_WARN_DEPRECATED_OBJC_IMPLEMENTATIONS = YES;
				CLANG_WARN_DIRECT_OBJC_ISA_USAGE = YES_ERROR;
				CLANG_WARN_DOCUMENTATION_COMMENTS = YES;
				CLANG_WARN_EMPTY_BODY = YES;
				CLANG_WARN_ENUM_CONVERSION = YES;
				CLANG_WARN_INFINITE_RECURSION = YES;
				CLANG_WARN_INT_CONVERSION = YES;
				CLANG_WARN_NON_LITERAL_NULL_CONVERSION = YES;
				CLANG_WARN_OBJC_IMPLICIT_RETAIN_SELF = YES;
				CLANG_WARN_OBJC_LITERAL_CONVERSION = YES;
				CLANG_WARN_OBJC_ROOT_CLASS = YES_ERROR;
				CLANG_WARN_RANGE_LOOP_ANALYSIS = YES;
				CLANG_WARN_STRICT_PROTOTYPES = YES;
				CLANG_WARN_SUSPICIOUS_MOVE = YES;
				CLANG_WARN_UNGUARDED_AVAILABILITY = YES_AGGRESSIVE;
				CLANG_WARN_UNREACHABLE_CODE = YES;
				CLANG_WARN__DUPLICATE_METHOD_MATCH = YES;
				CODE_SIGN_IDENTITY = "iPhone Developer";
				COPY_PHASE_STRIP = NO;
				DEBUG_INFORMATION_FORMAT = dwarf;
				ENABLE_STRICT_OBJC_MSGSEND = YES;
				ENABLE_TESTABILITY = YES;
				GCC_C_LANGUAGE_STANDARD = gnu11;
				GCC_DYNAMIC_NO_PIC = NO;
				GCC_NO_COMMON_BLOCKS = YES;
				GCC_OPTIMIZATION_LEVEL = 0;
				GCC_PREPROCESSOR_DEFINITIONS = (
					"DEBUG=1",
					"$(inherited)",
				);
				GCC_WARN_64_TO_32_BIT_CONVERSION = YES;
				GCC_WARN_ABOUT_RETURN_TYPE = YES_ERROR;
				GCC_WARN_UNDECLARED_SELECTOR = YES;
				GCC_WARN_UNINITIALIZED_AUTOS = YES_AGGRESSIVE;
				GCC_WARN_UNUSED_FUNCTION = YES;
				GCC_WARN_UNUSED_VARIABLE = YES;
				IPHONEOS_DEPLOYMENT_TARGET = 12.0;
				MTL_ENABLE_DEBUG_INFO = INCLUDE_SOURCE;
				MTL_FAST_MATH = YES;
				ONLY_ACTIVE_ARCH = YES;
				SDKROOT = iphoneos;
				SWIFT_ACTIVE_COMPILATION_CONDITIONS = DEBUG;
				SWIFT_OPTIMIZATION_LEVEL = "-Onone";
			};
			name = Debug;
		};
		1EDD5EA0218B861A0035B977 /* Release */ = {
			isa = XCBuildConfiguration;
			buildSettings = {
				ALWAYS_SEARCH_USER_PATHS = NO;
				CLANG_ANALYZER_NONNULL = YES;
				CLANG_ANALYZER_NUMBER_OBJECT_CONVERSION = YES_AGGRESSIVE;
				CLANG_CXX_LANGUAGE_STANDARD = "gnu++14";
				CLANG_CXX_LIBRARY = "libc++";
				CLANG_ENABLE_MODULES = YES;
				CLANG_ENABLE_OBJC_ARC = YES;
				CLANG_ENABLE_OBJC_WEAK = YES;
				CLANG_WARN_BLOCK_CAPTURE_AUTORELEASING = YES;
				CLANG_WARN_BOOL_CONVERSION = YES;
				CLANG_WARN_COMMA = YES;
				CLANG_WARN_CONSTANT_CONVERSION = YES;
				CLANG_WARN_DEPRECATED_OBJC_IMPLEMENTATIONS = YES;
				CLANG_WARN_DIRECT_OBJC_ISA_USAGE = YES_ERROR;
				CLANG_WARN_DOCUMENTATION_COMMENTS = YES;
				CLANG_WARN_EMPTY_BODY = YES;
				CLANG_WARN_ENUM_CONVERSION = YES;
				CLANG_WARN_INFINITE_RECURSION = YES;
				CLANG_WARN_INT_CONVERSION = YES;
				CLANG_WARN_NON_LITERAL_NULL_CONVERSION = YES;
				CLANG_WARN_OBJC_IMPLICIT_RETAIN_SELF = YES;
				CLANG_WARN_OBJC_LITERAL_CONVERSION = YES;
				CLANG_WARN_OBJC_ROOT_CLASS = YES_ERROR;
				CLANG_WARN_RANGE_LOOP_ANALYSIS = YES;
				CLANG_WARN_STRICT_PROTOTYPES = YES;
				CLANG_WARN_SUSPICIOUS_MOVE = YES;
				CLANG_WARN_UNGUARDED_AVAILABILITY = YES_AGGRESSIVE;
				CLANG_WARN_UNREACHABLE_CODE = YES;
				CLANG_WARN__DUPLICATE_METHOD_MATCH = YES;
				CODE_SIGN_IDENTITY = "iPhone Developer";
				COPY_PHASE_STRIP = NO;
				DEBUG_INFORMATION_FORMAT = "dwarf-with-dsym";
				ENABLE_NS_ASSERTIONS = NO;
				ENABLE_STRICT_OBJC_MSGSEND = YES;
				GCC_C_LANGUAGE_STANDARD = gnu11;
				GCC_NO_COMMON_BLOCKS = YES;
				GCC_WARN_64_TO_32_BIT_CONVERSION = YES;
				GCC_WARN_ABOUT_RETURN_TYPE = YES_ERROR;
				GCC_WARN_UNDECLARED_SELECTOR = YES;
				GCC_WARN_UNINITIALIZED_AUTOS = YES_AGGRESSIVE;
				GCC_WARN_UNUSED_FUNCTION = YES;
				GCC_WARN_UNUSED_VARIABLE = YES;
				IPHONEOS_DEPLOYMENT_TARGET = 12.0;
				MTL_ENABLE_DEBUG_INFO = NO;
				MTL_FAST_MATH = YES;
				SDKROOT = iphoneos;
				SWIFT_COMPILATION_MODE = wholemodule;
				SWIFT_OPTIMIZATION_LEVEL = "-O";
				VALIDATE_PRODUCT = YES;
			};
			name = Release;
		};
		1EDD5EA2218B861A0035B977 /* Debug */ = {
			isa = XCBuildConfiguration;
			baseConfigurationReference = B79995DF6DE02C6AB9A05ED0 /* Pods-Safe2HomeIOS.debug.xcconfig */;
			buildSettings = {
				ASSETCATALOG_COMPILER_APPICON_NAME = AppIcon;
				CODE_SIGN_STYLE = Automatic;
				DEVELOPMENT_TEAM = WFSX78SPQD;
				INFOPLIST_FILE = Safe2HomeIOS/Info.plist;
				LD_RUNPATH_SEARCH_PATHS = (
					"$(inherited)",
					"@executable_path/Frameworks",
				);
				PRODUCT_BUNDLE_IDENTIFIER = iosdecal.Safe2HomeIOS;
				PRODUCT_NAME = "$(TARGET_NAME)";
				SWIFT_VERSION = 4.2;
				TARGETED_DEVICE_FAMILY = "1,2";
			};
			name = Debug;
		};
		1EDD5EA3218B861A0035B977 /* Release */ = {
			isa = XCBuildConfiguration;
			baseConfigurationReference = 7F54332F68EE6336869D7B4E /* Pods-Safe2HomeIOS.release.xcconfig */;
			buildSettings = {
				ASSETCATALOG_COMPILER_APPICON_NAME = AppIcon;
				CODE_SIGN_STYLE = Automatic;
				DEVELOPMENT_TEAM = WFSX78SPQD;
				INFOPLIST_FILE = Safe2HomeIOS/Info.plist;
				LD_RUNPATH_SEARCH_PATHS = (
					"$(inherited)",
					"@executable_path/Frameworks",
				);
				PRODUCT_BUNDLE_IDENTIFIER = iosdecal.Safe2HomeIOS;
				PRODUCT_NAME = "$(TARGET_NAME)";
				SWIFT_VERSION = 4.2;
				TARGETED_DEVICE_FAMILY = "1,2";
			};
			name = Release;
		};
		1EDD5EA5218B861A0035B977 /* Debug */ = {
			isa = XCBuildConfiguration;
			baseConfigurationReference = FC5ED7071F89514DB6F6CBE7 /* Pods-Safe2HomeIOSTests.debug.xcconfig */;
			buildSettings = {
				ALWAYS_EMBED_SWIFT_STANDARD_LIBRARIES = YES;
				BUNDLE_LOADER = "$(TEST_HOST)";
				CODE_SIGN_STYLE = Automatic;
				INFOPLIST_FILE = Safe2HomeIOSTests/Info.plist;
				LD_RUNPATH_SEARCH_PATHS = (
					"$(inherited)",
					"@executable_path/Frameworks",
					"@loader_path/Frameworks",
				);
				PRODUCT_BUNDLE_IDENTIFIER = iosdecal.Safe2HomeIOSTests;
				PRODUCT_NAME = "$(TARGET_NAME)";
				SWIFT_VERSION = 4.2;
				TARGETED_DEVICE_FAMILY = "1,2";
				TEST_HOST = "$(BUILT_PRODUCTS_DIR)/Safe2HomeIOS.app/Safe2HomeIOS";
			};
			name = Debug;
		};
		1EDD5EA6218B861A0035B977 /* Release */ = {
			isa = XCBuildConfiguration;
			baseConfigurationReference = 380467CB4D2741137DD5743A /* Pods-Safe2HomeIOSTests.release.xcconfig */;
			buildSettings = {
				ALWAYS_EMBED_SWIFT_STANDARD_LIBRARIES = YES;
				BUNDLE_LOADER = "$(TEST_HOST)";
				CODE_SIGN_STYLE = Automatic;
				INFOPLIST_FILE = Safe2HomeIOSTests/Info.plist;
				LD_RUNPATH_SEARCH_PATHS = (
					"$(inherited)",
					"@executable_path/Frameworks",
					"@loader_path/Frameworks",
				);
				PRODUCT_BUNDLE_IDENTIFIER = iosdecal.Safe2HomeIOSTests;
				PRODUCT_NAME = "$(TARGET_NAME)";
				SWIFT_VERSION = 4.2;
				TARGETED_DEVICE_FAMILY = "1,2";
				TEST_HOST = "$(BUILT_PRODUCTS_DIR)/Safe2HomeIOS.app/Safe2HomeIOS";
			};
			name = Release;
		};
		1EDD5EA8218B861A0035B977 /* Debug */ = {
			isa = XCBuildConfiguration;
			baseConfigurationReference = CE4D8330B9B458F700D91C58 /* Pods-Safe2HomeIOSUITests.debug.xcconfig */;
			buildSettings = {
				ALWAYS_EMBED_SWIFT_STANDARD_LIBRARIES = YES;
				CODE_SIGN_STYLE = Automatic;
				INFOPLIST_FILE = Safe2HomeIOSUITests/Info.plist;
				LD_RUNPATH_SEARCH_PATHS = (
					"$(inherited)",
					"@executable_path/Frameworks",
					"@loader_path/Frameworks",
				);
				PRODUCT_BUNDLE_IDENTIFIER = iosdecal.Safe2HomeIOSUITests;
				PRODUCT_NAME = "$(TARGET_NAME)";
				SWIFT_VERSION = 4.2;
				TARGETED_DEVICE_FAMILY = "1,2";
				TEST_TARGET_NAME = Safe2HomeIOS;
			};
			name = Debug;
		};
		1EDD5EA9218B861A0035B977 /* Release */ = {
			isa = XCBuildConfiguration;
			baseConfigurationReference = 7CD9F756A189AEA32BDDE8D1 /* Pods-Safe2HomeIOSUITests.release.xcconfig */;
			buildSettings = {
				ALWAYS_EMBED_SWIFT_STANDARD_LIBRARIES = YES;
				CODE_SIGN_STYLE = Automatic;
				INFOPLIST_FILE = Safe2HomeIOSUITests/Info.plist;
				LD_RUNPATH_SEARCH_PATHS = (
					"$(inherited)",
					"@executable_path/Frameworks",
					"@loader_path/Frameworks",
				);
				PRODUCT_BUNDLE_IDENTIFIER = iosdecal.Safe2HomeIOSUITests;
				PRODUCT_NAME = "$(TARGET_NAME)";
				SWIFT_VERSION = 4.2;
				TARGETED_DEVICE_FAMILY = "1,2";
				TEST_TARGET_NAME = Safe2HomeIOS;
			};
			name = Release;
		};
/* End XCBuildConfiguration section */

/* Begin XCConfigurationList section */
		1EDD5E71218B861A0035B977 /* Build configuration list for PBXProject "Safe2HomeIOS" */ = {
			isa = XCConfigurationList;
			buildConfigurations = (
				1EDD5E9F218B861A0035B977 /* Debug */,
				1EDD5EA0218B861A0035B977 /* Release */,
			);
			defaultConfigurationIsVisible = 0;
			defaultConfigurationName = Release;
		};
		1EDD5EA1218B861A0035B977 /* Build configuration list for PBXNativeTarget "Safe2HomeIOS" */ = {
			isa = XCConfigurationList;
			buildConfigurations = (
				1EDD5EA2218B861A0035B977 /* Debug */,
				1EDD5EA3218B861A0035B977 /* Release */,
			);
			defaultConfigurationIsVisible = 0;
			defaultConfigurationName = Release;
		};
		1EDD5EA4218B861A0035B977 /* Build configuration list for PBXNativeTarget "Safe2HomeIOSTests" */ = {
			isa = XCConfigurationList;
			buildConfigurations = (
				1EDD5EA5218B861A0035B977 /* Debug */,
				1EDD5EA6218B861A0035B977 /* Release */,
			);
			defaultConfigurationIsVisible = 0;
			defaultConfigurationName = Release;
		};
		1EDD5EA7218B861A0035B977 /* Build configuration list for PBXNativeTarget "Safe2HomeIOSUITests" */ = {
			isa = XCConfigurationList;
			buildConfigurations = (
				1EDD5EA8218B861A0035B977 /* Debug */,
				1EDD5EA9218B861A0035B977 /* Release */,
			);
			defaultConfigurationIsVisible = 0;
			defaultConfigurationName = Release;
		};
/* End XCConfigurationList section */

/* Begin XCVersionGroup section */
		1EDD5E80218B861A0035B977 /* Safe2HomeIOS.xcdatamodeld */ = {
			isa = XCVersionGroup;
			children = (
				1EDD5E81218B861A0035B977 /* Safe2HomeIOS.xcdatamodel */,
			);
			currentVersion = 1EDD5E81218B861A0035B977 /* Safe2HomeIOS.xcdatamodel */;
			path = Safe2HomeIOS.xcdatamodeld;
			sourceTree = "<group>";
			versionGroupType = wrapper.xcdatamodel;
		};
/* End XCVersionGroup section */
	};
	rootObject = 1EDD5E6E218B861A0035B977 /* Project object */;
}
